
Microsoft Visual Studio Solution File, Format Version 12.00
# Visual Studio 15
Project("{FAE04EC0-301F-11D3-BF4B-00C04F79EFBC}") = "Assembly-CSharp-Editor", "Assembly-CSharp-Editor.csproj", "{0ADB41C3-7953-2AEC-FFFB-AE9E8B9A59BC}"
EndProject
Project("{FAE04EC0-301F-11D3-BF4B-00C04F79EFBC}") = "Assembly-CSharp", "Assembly-CSharp.csproj", "{F69A8A48-1537-6516-127A-3F3FDB1E433F}"
EndProject
Global
	GlobalSection(SolutionConfigurationPlatforms) = preSolution
		Debug|Any CPU = Debug|Any CPU
		Release|Any CPU = Release|Any CPU
	EndGlobalSection
	GlobalSection(ProjectConfigurationPlatforms) = postSolution
		{0ADB41C3-7953-2AEC-FFFB-AE9E8B9A59BC}.Debug|Any CPU.ActiveCfg = Debug|Any CPU
		{0ADB41C3-7953-2AEC-FFFB-AE9E8B9A59BC}.Debug|Any CPU.Build.0 = Debug|Any CPU
		{0ADB41C3-7953-2AEC-FFFB-AE9E8B9A59BC}.Release|Any CPU.ActiveCfg = Release|Any CPU
		{0ADB41C3-7953-2AEC-FFFB-AE9E8B9A59BC}.Release|Any CPU.Build.0 = Release|Any CPU
		{F69A8A48-1537-6516-127A-3F3FDB1E433F}.Debug|Any CPU.ActiveCfg = Debug|Any CPU
		{F69A8A48-1537-6516-127A-3F3FDB1E433F}.Debug|Any CPU.Build.0 = Debug|Any CPU
		{F69A8A48-1537-6516-127A-3F3FDB1E433F}.Release|Any CPU.ActiveCfg = Release|Any CPU
		{F69A8A48-1537-6516-127A-3F3FDB1E433F}.Release|Any CPU.Build.0 = Release|Any CPU
	EndGlobalSection
	GlobalSection(SolutionProperties) = preSolution
		HideSolutionNode = FALSE
	EndGlobalSection
EndGlobal
